
Microsoft Visual Studio Solution File, Format Version 12.00
# Visual Studio Version 16
VisualStudioVersion = 16.0.31105.61
MinimumVisualStudioVersion = 10.0.40219.1
Project("{FAE04EC0-301F-11D3-BF4B-00C04F79EFBC}") = "LeeCode", "LeeCode.csproj", "{2F098873-414A-4FAF-BD3E-84D18878E533}"
EndProject
Project("{FAE04EC0-301F-11D3-BF4B-00C04F79EFBC}") = "LeeCodeTestProject", "..\LeeCodeTestProject\LeeCodeTestProject.csproj", "{75FF489D-086C-4631-8A65-071BBF440CB4}"
EndProject
Global
	GlobalSection(SolutionConfigurationPlatforms) = preSolution
		Debug|Any CPU = Debug|Any CPU
		Release|Any CPU = Release|Any CPU
	EndGlobalSection
	GlobalSection(ProjectConfigurationPlatforms) = postSolution
		{2F098873-414A-4FAF-BD3E-84D18878E533}.Debug|Any CPU.ActiveCfg = Debug|Any CPU
		{2F098873-414A-4FAF-BD3E-84D18878E533}.Debug|Any CPU.Build.0 = Debug|Any CPU
		{2F098873-414A-4FAF-BD3E-84D18878E533}.Release|Any CPU.ActiveCfg = Release|Any CPU
		{2F098873-414A-4FAF-BD3E-84D18878E533}.Release|Any CPU.Build.0 = Release|Any CPU
		{75FF489D-086C-4631-8A65-071BBF440CB4}.Debug|Any CPU.ActiveCfg = Debug|Any CPU
		{75FF489D-086C-4631-8A65-071BBF440CB4}.Debug|Any CPU.Build.0 = Debug|Any CPU
		{75FF489D-086C-4631-8A65-071BBF440CB4}.Release|Any CPU.ActiveCfg = Release|Any CPU
		{75FF489D-086C-4631-8A65-071BBF440CB4}.Release|Any CPU.Build.0 = Release|Any CPU
	EndGlobalSection
	GlobalSection(SolutionProperties) = preSolution
		HideSolutionNode = FALSE
	EndGlobalSection
	GlobalSection(ExtensibilityGlobals) = postSolution
		SolutionGuid = {428D542B-DCB4-419D-9E67-7F18018B2707}
	EndGlobalSection
EndGlobal
